{
  "name": "diverse-autoworks",
  "version": "1.0.0",
  "lockfileVersion": 3,
  "requires": true,
  "packages": {
    "": {
      "name": "diverse-autoworks",
      "version": "1.0.0",
      "license": "ISC",
      "dependencies": {
        "@fontsource/barlow": "^5.3.0",
        "@fontsource/barlow-condensed": "^5.3.0"
      }
    },
    "node_modules/@fontsource/barlow": {
      "version": "5.3.0",
      "resolved": "https://registry.npmjs.org/@fontsource/barlow/-/barlow-5.3.0.tgz",
      "integrity": "sha512-tGR0y6QObRtKv71MOth44222+mdNFM/ZWFWDV1VLzNbG4oK9PNRlyJzmkck4vHAi9ibHBXgt4SlY51amFP55CA==",
      "license": "OFL-1.1",
      "funding": {
        "url": "https://github.com/sponsors/ayuhito"
      }
    },
    "node_modules/@fontsource/barlow-condensed": {
      "version": "5.3.0",
      "resolved": "https://registry.npmjs.org/@fontsource/barlow-condensed/-/barlow-condensed-5.3.0.tgz",
      "integrity": "sha512-RA7MmIx0v3eQ6Gcf74qLVLOwLB0GpPOzx+eU9iG/AmCnSJGcIWYeU8y6CEMGZ210MGwGg5CZhzLkkvyZdTTk1g==",
      "license": "OFL-1.1",
      "funding": {
        "url": "https://github.com/sponsors/ayuhito"
      }
    }
  }
}
